
Microsoft Visual Studio Solution File, Format Version 12.00
# Visual Studio 15
VisualStudioVersion = 15.0.28010.2048
MinimumVisualStudioVersion = 10.0.40219.1
Project("{FAE04EC0-301F-11D3-BF4B-00C04F79EFBC}") = "20181105_TSCAN2_DIO_SDK", "20181105_TSCAN2_DIO_SDK\20181105_TSCAN2_DIO_SDK.csproj", "{F6938FAA-4FE1-404B-A817-E9CD2D850066}"
EndProject
Global
	GlobalSection(SolutionConfigurationPlatforms) = preSolution
		Debug|Any CPU = Debug|Any CPU
		Release|Any CPU = Release|Any CPU
	EndGlobalSection
	GlobalSection(ProjectConfigurationPlatforms) = postSolution
		{F6938FAA-4FE1-404B-A817-E9CD2D850066}.Debug|Any CPU.ActiveCfg = Debug|Any CPU
		{F6938FAA-4FE1-404B-A817-E9CD2D850066}.Debug|Any CPU.Build.0 = Debug|Any CPU
		{F6938FAA-4FE1-404B-A817-E9CD2D850066}.Release|Any CPU.ActiveCfg = Release|Any CPU
		{F6938FAA-4FE1-404B-A817-E9CD2D850066}.Release|Any CPU.Build.0 = Release|Any CPU
	EndGlobalSection
	GlobalSection(SolutionProperties) = preSolution
		HideSolutionNode = FALSE
	EndGlobalSection
	GlobalSection(ExtensibilityGlobals) = postSolution
		SolutionGuid = {95E35A05-20CA-4165-87C7-8F422A48F9FB}
	EndGlobalSection
EndGlobal
